// !$*UTF8*$!
{
	archiveVersion = 1;
	classes = {
	};
	objectVersion = 55;
	objects = {

/* Begin PBXBuildFile section */
		9F0246A02896C3DF001FBC30 /* LocationModel.swift in Sources */ = {isa = PBXBuildFile; fileRef = 9F02469F2896C3DF001FBC30 /* LocationModel.swift */; };
		9F0246A22896C549001FBC30 /* LocationsView.swift in Sources */ = {isa = PBXBuildFile; fileRef = 9F0246A12896C549001FBC30 /* LocationsView.swift */; };
		9F0246A42896C66A001FBC30 /* LocationsVM.swift in Sources */ = {isa = PBXBuildFile; fileRef = 9F0246A32896C66A001FBC30 /* LocationsVM.swift */; };
		9F0246A62896C72E001FBC30 /* LocationCardView.swift in Sources */ = {isa = PBXBuildFile; fileRef = 9F0246A52896C72E001FBC30 /* LocationCardView.swift */; };
		9F205524288EE52000D9291A /* CharacterModel.swift in Sources */ = {isa = PBXBuildFile; fileRef = 9F205523288EE52000D9291A /* CharacterModel.swift */; };
		9F32E1F828C1E86C00C123C4 /* EpisodesView.swift in Sources */ = {isa = PBXBuildFile; fileRef = 9F32E1F728C1E86C00C123C4 /* EpisodesView.swift */; };
		9F32E1FA28C1E91100C123C4 /* EpisodeCard.swift in Sources */ = {isa = PBXBuildFile; fileRef = 9F32E1F928C1E91100C123C4 /* EpisodeCard.swift */; };
		9F32E1FC28C1EF9600C123C4 /* EpisodeDetailView.swift in Sources */ = {isa = PBXBuildFile; fileRef = 9F32E1FB28C1EF9600C123C4 /* EpisodeDetailView.swift */; };
		9F32E1FE28C1F0CE00C123C4 /* CharacterCircle.swift in Sources */ = {isa = PBXBuildFile; fileRef = 9F32E1FD28C1F0CE00C123C4 /* CharacterCircle.swift */; };
		9F652747288812DC00051B5B /* CharacterCardView.swift in Sources */ = {isa = PBXBuildFile; fileRef = 9F652746288812DB00051B5B /* CharacterCardView.swift */; };
		9F82369028BFAF3600FBEF07 /* ResidentCircle.swift in Sources */ = {isa = PBXBuildFile; fileRef = 9F82368F28BFAF3600FBEF07 /* ResidentCircle.swift */; };
		9F82369228BFAF8800FBEF07 /* LocationDetailView.swift in Sources */ = {isa = PBXBuildFile; fileRef = 9F82369128BFAF8800FBEF07 /* LocationDetailView.swift */; };
		9F94CECE28B37B59001A8873 /* StatusCircle.swift in Sources */ = {isa = PBXBuildFile; fileRef = 9F94CECD28B37B59001A8873 /* StatusCircle.swift */; };
		9FA8A25628C09CF200E21B39 /* EpisodeModel.swift in Sources */ = {isa = PBXBuildFile; fileRef = 9FA8A25528C09CF200E21B39 /* EpisodeModel.swift */; };
		9FA8A25828C09FEE00E21B39 /* EpisodeVM.swift in Sources */ = {isa = PBXBuildFile; fileRef = 9FA8A25728C09FEE00E21B39 /* EpisodeVM.swift */; };
		9FB516B928AA7B7D00186E2F /* LottieView.swift in Sources */ = {isa = PBXBuildFile; fileRef = 9FB516B828AA7B7D00186E2F /* LottieView.swift */; };
		9FB516C428AA89EF00186E2F /* bored-hand-loading.json in Resources */ = {isa = PBXBuildFile; fileRef = 9FB516C128AA89EF00186E2F /* bored-hand-loading.json */; };
		9FB516C528AA89EF00186E2F /* bounching-ball-loading.json in Resources */ = {isa = PBXBuildFile; fileRef = 9FB516C228AA89EF00186E2F /* bounching-ball-loading.json */; };
		9FB516C828AA8AB900186E2F /* circle-loading.json in Resources */ = {isa = PBXBuildFile; fileRef = 9FB516C728AA8AB900186E2F /* circle-loading.json */; };
		9FB6211628A688D2003E2137 /* Lottie in Frameworks */ = {isa = PBXBuildFile; productRef = 9FB6211528A688D2003E2137 /* Lottie */; };
		9FC1A67C2889700C003CA582 /* Apollo in Frameworks */ = {isa = PBXBuildFile; productRef = 9FC1A67B2889700C003CA582 /* Apollo */; };
		9FC1A67E2889700C003CA582 /* ApolloAPI in Frameworks */ = {isa = PBXBuildFile; productRef = 9FC1A67D2889700C003CA582 /* ApolloAPI */; };
		9FC1A6802889700C003CA582 /* ApolloCodegenLib in Frameworks */ = {isa = PBXBuildFile; productRef = 9FC1A67F2889700C003CA582 /* ApolloCodegenLib */; };
		9FC1A6822889700C003CA582 /* ApolloSQLite in Frameworks */ = {isa = PBXBuildFile; productRef = 9FC1A6812889700C003CA582 /* ApolloSQLite */; };
		9FC1A6842889700C003CA582 /* ApolloUtils in Frameworks */ = {isa = PBXBuildFile; productRef = 9FC1A6832889700C003CA582 /* ApolloUtils */; };
		9FC1A6862889700C003CA582 /* ApolloWebSocket in Frameworks */ = {isa = PBXBuildFile; productRef = 9FC1A6852889700C003CA582 /* ApolloWebSocket */; };
		9FC1A6882889711C003CA582 /* schema.json in Resources */ = {isa = PBXBuildFile; fileRef = 9FC1A6872889711C003CA582 /* schema.json */; };
		9FC1A68A28897169003CA582 /* queries.graphql in Resources */ = {isa = PBXBuildFile; fileRef = 9FC1A68928897169003CA582 /* queries.graphql */; };
		9FC1A68D288972CC003CA582 /* API.swift in Sources */ = {isa = PBXBuildFile; fileRef = 9FC1A68C288972CC003CA582 /* API.swift */; };
		9FC1A68F28897328003CA582 /* Apollo.swift in Sources */ = {isa = PBXBuildFile; fileRef = 9FC1A68E28897328003CA582 /* Apollo.swift */; };
		9FD0AE5728ACDE3000F3958C /* CharacterDetailView.swift in Sources */ = {isa = PBXBuildFile; fileRef = 9FD0AE5628ACDE3000F3958C /* CharacterDetailView.swift */; };
		9FD0AE5928AD39D700F3958C /* DetailHeaderView.swift in Sources */ = {isa = PBXBuildFile; fileRef = 9FD0AE5828AD39D700F3958C /* DetailHeaderView.swift */; };
		9FF313302873089B009BE8E9 /* rickandmortyApp.swift in Sources */ = {isa = PBXBuildFile; fileRef = 9FF3132F2873089B009BE8E9 /* rickandmortyApp.swift */; };
		9FF313322873089B009BE8E9 /* ContentView.swift in Sources */ = {isa = PBXBuildFile; fileRef = 9FF313312873089B009BE8E9 /* ContentView.swift */; };
		9FF313342873089C009BE8E9 /* Assets.xcassets in Resources */ = {isa = PBXBuildFile; fileRef = 9FF313332873089C009BE8E9 /* Assets.xcassets */; };
		9FF313372873089C009BE8E9 /* Preview Assets.xcassets in Resources */ = {isa = PBXBuildFile; fileRef = 9FF313362873089C009BE8E9 /* Preview Assets.xcassets */; };
		9FFBE79328854C9900BD19A9 /* Home.swift in Sources */ = {isa = PBXBuildFile; fileRef = 9FFBE79228854C9900BD19A9 /* Home.swift */; };
		9FFBE7952885549C00BD19A9 /* HomeVM.swift in Sources */ = {isa = PBXBuildFile; fileRef = 9FFBE7942885549C00BD19A9 /* HomeVM.swift */; };
		9FFBE7972885555500BD19A9 /* CharactersView.swift in Sources */ = {isa = PBXBuildFile; fileRef = 9FFBE7962885555500BD19A9 /* CharactersView.swift */; };
/* End PBXBuildFile section */

/* Begin PBXFileReference section */
		9F02469F2896C3DF001FBC30 /* LocationModel.swift */ = {isa = PBXFileReference; lastKnownFileType = sourcecode.swift; path = LocationModel.swift; sourceTree = "<group>"; };
		9F0246A12896C549001FBC30 /* LocationsView.swift */ = {isa = PBXFileReference; lastKnownFileType = sourcecode.swift; path = LocationsView.swift; sourceTree = "<group>"; };
		9F0246A32896C66A001FBC30 /* LocationsVM.swift */ = {isa = PBXFileReference; lastKnownFileType = sourcecode.swift; path = LocationsVM.swift; sourceTree = "<group>"; };
		9F0246A52896C72E001FBC30 /* LocationCardView.swift */ = {isa = PBXFileReference; lastKnownFileType = sourcecode.swift; path = LocationCardView.swift; sourceTree = "<group>"; };
		9F205523288EE52000D9291A /* CharacterModel.swift */ = {isa = PBXFileReference; lastKnownFileType = sourcecode.swift; path = CharacterModel.swift; sourceTree = "<group>"; };
		9F32E1F728C1E86C00C123C4 /* EpisodesView.swift */ = {isa = PBXFileReference; lastKnownFileType = sourcecode.swift; path = EpisodesView.swift; sourceTree = "<group>"; };
		9F32E1F928C1E91100C123C4 /* EpisodeCard.swift */ = {isa = PBXFileReference; lastKnownFileType = sourcecode.swift; path = EpisodeCard.swift; sourceTree = "<group>"; };
		9F32E1FB28C1EF9600C123C4 /* EpisodeDetailView.swift */ = {isa = PBXFileReference; lastKnownFileType = sourcecode.swift; path = EpisodeDetailView.swift; sourceTree = "<group>"; };
		9F32E1FD28C1F0CE00C123C4 /* CharacterCircle.swift */ = {isa = PBXFileReference; lastKnownFileType = sourcecode.swift; path = CharacterCircle.swift; sourceTree = "<group>"; };
		9F652746288812DB00051B5B /* CharacterCardView.swift */ = {isa = PBXFileReference; lastKnownFileType = sourcecode.swift; path = CharacterCardView.swift; sourceTree = "<group>"; };
		9F82368F28BFAF3600FBEF07 /* ResidentCircle.swift */ = {isa = PBXFileReference; lastKnownFileType = sourcecode.swift; path = ResidentCircle.swift; sourceTree = "<group>"; };
		9F82369128BFAF8800FBEF07 /* LocationDetailView.swift */ = {isa = PBXFileReference; lastKnownFileType = sourcecode.swift; path = LocationDetailView.swift; sourceTree = "<group>"; };
		9F94CECD28B37B59001A8873 /* StatusCircle.swift */ = {isa = PBXFileReference; lastKnownFileType = sourcecode.swift; path = StatusCircle.swift; sourceTree = "<group>"; };
		9FA8A25528C09CF200E21B39 /* EpisodeModel.swift */ = {isa = PBXFileReference; lastKnownFileType = sourcecode.swift; path = EpisodeModel.swift; sourceTree = "<group>"; };
		9FA8A25728C09FEE00E21B39 /* EpisodeVM.swift */ = {isa = PBXFileReference; lastKnownFileType = sourcecode.swift; path = EpisodeVM.swift; sourceTree = "<group>"; };
		9FB516B828AA7B7D00186E2F /* LottieView.swift */ = {isa = PBXFileReference; lastKnownFileType = sourcecode.swift; path = LottieView.swift; sourceTree = "<group>"; };
		9FB516C128AA89EF00186E2F /* bored-hand-loading.json */ = {isa = PBXFileReference; fileEncoding = 4; lastKnownFileType = text.json; path = "bored-hand-loading.json"; sourceTree = "<group>"; };
		9FB516C228AA89EF00186E2F /* bounching-ball-loading.json */ = {isa = PBXFileReference; fileEncoding = 4; lastKnownFileType = text.json; path = "bounching-ball-loading.json"; sourceTree = "<group>"; };
		9FB516C728AA8AB900186E2F /* circle-loading.json */ = {isa = PBXFileReference; fileEncoding = 4; lastKnownFileType = text.json; path = "circle-loading.json"; sourceTree = "<group>"; };
		9FC1A6872889711C003CA582 /* schema.json */ = {isa = PBXFileReference; fileEncoding = 4; lastKnownFileType = text.json; path = schema.json; sourceTree = "<group>"; };
		9FC1A68928897169003CA582 /* queries.graphql */ = {isa = PBXFileReference; lastKnownFileType = text; path = queries.graphql; sourceTree = "<group>"; };
		9FC1A68C288972CC003CA582 /* API.swift */ = {isa = PBXFileReference; fileEncoding = 4; lastKnownFileType = sourcecode.swift; path = API.swift; sourceTree = "<group>"; };
		9FC1A68E28897328003CA582 /* Apollo.swift */ = {isa = PBXFileReference; lastKnownFileType = sourcecode.swift; path = Apollo.swift; sourceTree = "<group>"; };
		9FD0AE5628ACDE3000F3958C /* CharacterDetailView.swift */ = {isa = PBXFileReference; lastKnownFileType = sourcecode.swift; path = CharacterDetailView.swift; sourceTree = "<group>"; };
		9FD0AE5828AD39D700F3958C /* DetailHeaderView.swift */ = {isa = PBXFileReference; lastKnownFileType = sourcecode.swift; path = DetailHeaderView.swift; sourceTree = "<group>"; };
		9FF3132C2873089B009BE8E9 /* rickandmorty.app */ = {isa = PBXFileReference; explicitFileType = wrapper.application; includeInIndex = 0; path = rickandmorty.app; sourceTree = BUILT_PRODUCTS_DIR; };
		9FF3132F2873089B009BE8E9 /* rickandmortyApp.swift */ = {isa = PBXFileReference; lastKnownFileType = sourcecode.swift; path = rickandmortyApp.swift; sourceTree = "<group>"; };
		9FF313312873089B009BE8E9 /* ContentView.swift */ = {isa = PBXFileReference; lastKnownFileType = sourcecode.swift; path = ContentView.swift; sourceTree = "<group>"; };
		9FF313332873089C009BE8E9 /* Assets.xcassets */ = {isa = PBXFileReference; lastKnownFileType = folder.assetcatalog; path = Assets.xcassets; sourceTree = "<group>"; };
		9FF313362873089C009BE8E9 /* Preview Assets.xcassets */ = {isa = PBXFileReference; lastKnownFileType = folder.assetcatalog; path = "Preview Assets.xcassets"; sourceTree = "<group>"; };
		9FFBE79228854C9900BD19A9 /* Home.swift */ = {isa = PBXFileReference; lastKnownFileType = sourcecode.swift; path = Home.swift; sourceTree = "<group>"; };
		9FFBE7942885549C00BD19A9 /* HomeVM.swift */ = {isa = PBXFileReference; lastKnownFileType = sourcecode.swift; path = HomeVM.swift; sourceTree = "<group>"; };
		9FFBE7962885555500BD19A9 /* CharactersView.swift */ = {isa = PBXFileReference; lastKnownFileType = sourcecode.swift; path = CharactersView.swift; sourceTree = "<group>"; };
/* End PBXFileReference section */

/* Begin PBXFrameworksBuildPhase section */
		9FF313292873089B009BE8E9 /* Frameworks */ = {
			isa = PBXFrameworksBuildPhase;
			buildActionMask = 2147483647;
			files = (
				9FC1A67E2889700C003CA582 /* ApolloAPI in Frameworks */,
				9FB6211628A688D2003E2137 /* Lottie in Frameworks */,
				9FC1A6862889700C003CA582 /* ApolloWebSocket in Frameworks */,
				9FC1A6842889700C003CA582 /* ApolloUtils in Frameworks */,
				9FC1A6822889700C003CA582 /* ApolloSQLite in Frameworks */,
				9FC1A6802889700C003CA582 /* ApolloCodegenLib in Frameworks */,
				9FC1A67C2889700C003CA582 /* Apollo in Frameworks */,
			);
			runOnlyForDeploymentPostprocessing = 0;
		};
/* End PBXFrameworksBuildPhase section */

/* Begin PBXGroup section */
		9F652745288812B600051B5B /* Components */ = {
			isa = PBXGroup;
			children = (
				9F652746288812DB00051B5B /* CharacterCardView.swift */,
				9FB516B828AA7B7D00186E2F /* LottieView.swift */,
				9F0246A52896C72E001FBC30 /* LocationCardView.swift */,
				9FD0AE5828AD39D700F3958C /* DetailHeaderView.swift */,
				9F94CECD28B37B59001A8873 /* StatusCircle.swift */,
				9F82368F28BFAF3600FBEF07 /* ResidentCircle.swift */,
				9F32E1F928C1E91100C123C4 /* EpisodeCard.swift */,
				9F32E1FD28C1F0CE00C123C4 /* CharacterCircle.swift */,
			);
			path = Components;
			sourceTree = "<group>";
		};
		9FB516BC28AA7F2600186E2F /* Lottie */ = {
			isa = PBXGroup;
			children = (
				9FB516C128AA89EF00186E2F /* bored-hand-loading.json */,
				9FB516C728AA8AB900186E2F /* circle-loading.json */,
				9FB516C228AA89EF00186E2F /* bounching-ball-loading.json */,
			);
			path = Lottie;
			sourceTree = "<group>";
		};
		9FC1A67928896F6D003CA582 /* GraphQL */ = {
			isa = PBXGroup;
			children = (
				9FC1A68C288972CC003CA582 /* API.swift */,
				9FC1A68928897169003CA582 /* queries.graphql */,
				9FC1A68E28897328003CA582 /* Apollo.swift */,
			);
			path = GraphQL;
			sourceTree = "<group>";
		};
		9FF313232873089B009BE8E9 = {
			isa = PBXGroup;
			children = (
				9FF3132E2873089B009BE8E9 /* rickandmorty */,
				9FF3132D2873089B009BE8E9 /* Products */,
			);
			sourceTree = "<group>";
		};
		9FF3132D2873089B009BE8E9 /* Products */ = {
			isa = PBXGroup;
			children = (
				9FF3132C2873089B009BE8E9 /* rickandmorty.app */,
			);
			name = Products;
			sourceTree = "<group>";
		};
		9FF3132E2873089B009BE8E9 /* rickandmorty */ = {
			isa = PBXGroup;
			children = (
				9FB516BC28AA7F2600186E2F /* Lottie */,
				9FC1A6872889711C003CA582 /* schema.json */,
				9FC1A67928896F6D003CA582 /* GraphQL */,
				9F652745288812B600051B5B /* Components */,
				9FFBE78F28854BCB00BD19A9 /* Model */,
				9FFBE78E28854BC300BD19A9 /* ViewModel */,
				9FFBE78D28854BB900BD19A9 /* View */,
				9FF3132F2873089B009BE8E9 /* rickandmortyApp.swift */,
				9FF313312873089B009BE8E9 /* ContentView.swift */,
				9FF313332873089C009BE8E9 /* Assets.xcassets */,
				9FF313352873089C009BE8E9 /* Preview Content */,
			);
			path = rickandmorty;
			sourceTree = "<group>";
		};
		9FF313352873089C009BE8E9 /* Preview Content */ = {
			isa = PBXGroup;
			children = (
				9FF313362873089C009BE8E9 /* Preview Assets.xcassets */,
			);
			path = "Preview Content";
			sourceTree = "<group>";
		};
		9FFBE78D28854BB900BD19A9 /* View */ = {
			isa = PBXGroup;
			children = (
				9FFBE79228854C9900BD19A9 /* Home.swift */,
				9FFBE7962885555500BD19A9 /* CharactersView.swift */,
				9F0246A12896C549001FBC30 /* LocationsView.swift */,
				9FD0AE5628ACDE3000F3958C /* CharacterDetailView.swift */,
				9F82369128BFAF8800FBEF07 /* LocationDetailView.swift */,
				9F32E1F728C1E86C00C123C4 /* EpisodesView.swift */,
				9F32E1FB28C1EF9600C123C4 /* EpisodeDetailView.swift */,
			);
			path = View;
			sourceTree = "<group>";
		};
		9FFBE78E28854BC300BD19A9 /* ViewModel */ = {
			isa = PBXGroup;
			children = (
				9FFBE7942885549C00BD19A9 /* HomeVM.swift */,
				9F0246A32896C66A001FBC30 /* LocationsVM.swift */,
				9FA8A25728C09FEE00E21B39 /* EpisodeVM.swift */,
			);
			path = ViewModel;
			sourceTree = "<group>";
		};
		9FFBE78F28854BCB00BD19A9 /* Model */ = {
			isa = PBXGroup;
			children = (
				9F205523288EE52000D9291A /* CharacterModel.swift */,
				9F02469F2896C3DF001FBC30 /* LocationModel.swift */,
				9FA8A25528C09CF200E21B39 /* EpisodeModel.swift */,
			);
			path = Model;
			sourceTree = "<group>";
		};
/* End PBXGroup section */

/* Begin PBXNativeTarget section */
		9FF3132B2873089B009BE8E9 /* rickandmorty */ = {
			isa = PBXNativeTarget;
			buildConfigurationList = 9FF3133A2873089C009BE8E9 /* Build configuration list for PBXNativeTarget "rickandmorty" */;
			buildPhases = (
				9FC1A68B28897198003CA582 /* Generate Apollo GraphQL API */,
				9FF313282873089B009BE8E9 /* Sources */,
				9FF313292873089B009BE8E9 /* Frameworks */,
				9FF3132A2873089B009BE8E9 /* Resources */,
			);
			buildRules = (
			);
			dependencies = (
			);
			name = rickandmorty;
			packageProductDependencies = (
				9FC1A67B2889700C003CA582 /* Apollo */,
				9FC1A67D2889700C003CA582 /* ApolloAPI */,
				9FC1A67F2889700C003CA582 /* ApolloCodegenLib */,
				9FC1A6812889700C003CA582 /* ApolloSQLite */,
				9FC1A6832889700C003CA582 /* ApolloUtils */,
				9FC1A6852889700C003CA582 /* ApolloWebSocket */,
				9FB6211528A688D2003E2137 /* Lottie */,
			);
			productName = rickandmorty;
			productReference = 9FF3132C2873089B009BE8E9 /* rickandmorty.app */;
			productType = "com.apple.product-type.application";
		};
/* End PBXNativeTarget section */

/* Begin PBXProject section */
		9FF313242873089B009BE8E9 /* Project object */ = {
			isa = PBXProject;
			attributes = {
				BuildIndependentTargetsInParallel = 1;
				LastSwiftUpdateCheck = 1330;
				LastUpgradeCheck = 1330;
				TargetAttributes = {
					9FF3132B2873089B009BE8E9 = {
						CreatedOnToolsVersion = 13.3;
					};
				};
			};
			buildConfigurationList = 9FF313272873089B009BE8E9 /* Build configuration list for PBXProject "rickandmorty" */;
			compatibilityVersion = "Xcode 13.0";
			developmentRegion = en;
			hasScannedForEncodings = 0;
			knownRegions = (
				en,
				Base,
			);
			mainGroup = 9FF313232873089B009BE8E9;
			packageReferences = (
				9FC1A67A2889700C003CA582 /* XCRemoteSwiftPackageReference "apollo-ios" */,
				9FB6211428A688D1003E2137 /* XCRemoteSwiftPackageReference "lottie-ios" */,
			);
			productRefGroup = 9FF3132D2873089B009BE8E9 /* Products */;
			projectDirPath = "";
			projectRoot = "";
			targets = (
				9FF3132B2873089B009BE8E9 /* rickandmorty */,
			);
		};
/* End PBXProject section */

/* Begin PBXResourcesBuildPhase section */
		9FF3132A2873089B009BE8E9 /* Resources */ = {
			isa = PBXResourcesBuildPhase;
			buildActionMask = 2147483647;
			files = (
				9FF313372873089C009BE8E9 /* Preview Assets.xcassets in Resources */,
				9FB516C528AA89EF00186E2F /* bounching-ball-loading.json in Resources */,
				9FC1A6882889711C003CA582 /* schema.json in Resources */,
				9FC1A68A28897169003CA582 /* queries.graphql in Resources */,
				9FB516C428AA89EF00186E2F /* bored-hand-loading.json in Resources */,
				9FB516C828AA8AB900186E2F /* circle-loading.json in Resources */,
				9FF313342873089C009BE8E9 /* Assets.xcassets in Resources */,
			);
			runOnlyForDeploymentPostprocessing = 0;
		};
/* End PBXResourcesBuildPhase section */

/* Begin PBXShellScriptBuildPhase section */
		9FC1A68B28897198003CA582 /* Generate Apollo GraphQL API */ = {
			isa = PBXShellScriptBuildPhase;
			buildActionMask = 2147483647;
			files = (
			);
			inputFileListPaths = (
			);
			inputPaths = (
			);
			name = "Generate Apollo GraphQL API";
			outputFileListPaths = (
			);
			outputPaths = (
			);
			runOnlyForDeploymentPostprocessing = 0;
			shellPath = /bin/sh;
			shellScript = "# Don't run this during index builds\nif [ $ACTION = \"indexbuild\" ]; then exit 0; fi\n\n# Go to the build root and search up the chain to find the Derived Data Path where the source packages are checked out.\nDERIVED_DATA_CANDIDATE=\"${BUILD_ROOT}\"\n\nwhile ! [ -d \"${DERIVED_DATA_CANDIDATE}/SourcePackages\" ]; do\n  if [ \"${DERIVED_DATA_CANDIDATE}\" = / ]; then\n    echo >&2 \"error: Unable to locate SourcePackages directory from BUILD_ROOT: '${BUILD_ROOT}'\"\n    exit 1\n  fi\n\n  DERIVED_DATA_CANDIDATE=\"$(dirname \"${DERIVED_DATA_CANDIDATE}\")\"\ndone\n\n# Grab a reference to the directory where scripts are checked out\nSCRIPT_PATH=\"${DERIVED_DATA_CANDIDATE}/SourcePackages/checkouts/apollo-ios/scripts\"\n\nif [ -z \"${SCRIPT_PATH}\" ]; then\n    echo >&2 \"error: Couldn't find the CLI script in your checked out SPM packages; make sure to add the framework to your project.\"\n    exit 1\nfi\n\ncd \"${SRCROOT}/${TARGET_NAME}\"\n\"${SCRIPT_PATH}\"/run-bundled-codegen.sh codegen:generate --target=swift --includes=./**/*.graphql --localSchemaFile=\"schema.json\" ./GraphQL/API.swift\n";
		};
/* End PBXShellScriptBuildPhase section */

/* Begin PBXSourcesBuildPhase section */
		9FF313282873089B009BE8E9 /* Sources */ = {
			isa = PBXSourcesBuildPhase;
			buildActionMask = 2147483647;
			files = (
				9FD0AE5728ACDE3000F3958C /* CharacterDetailView.swift in Sources */,
				9F32E1FE28C1F0CE00C123C4 /* CharacterCircle.swift in Sources */,
				9FF313322873089B009BE8E9 /* ContentView.swift in Sources */,
				9FFBE7972885555500BD19A9 /* CharactersView.swift in Sources */,
				9FA8A25828C09FEE00E21B39 /* EpisodeVM.swift in Sources */,
				9F32E1F828C1E86C00C123C4 /* EpisodesView.swift in Sources */,
				9FFBE79328854C9900BD19A9 /* Home.swift in Sources */,
				9F94CECE28B37B59001A8873 /* StatusCircle.swift in Sources */,
				9F0246A62896C72E001FBC30 /* LocationCardView.swift in Sources */,
				9FC1A68F28897328003CA582 /* Apollo.swift in Sources */,
				9F32E1FC28C1EF9600C123C4 /* EpisodeDetailView.swift in Sources */,
				9FF313302873089B009BE8E9 /* rickandmortyApp.swift in Sources */,
				9F652747288812DC00051B5B /* CharacterCardView.swift in Sources */,
				9FD0AE5928AD39D700F3958C /* DetailHeaderView.swift in Sources */,
				9F32E1FA28C1E91100C123C4 /* EpisodeCard.swift in Sources */,
				9F205524288EE52000D9291A /* CharacterModel.swift in Sources */,
				9F0246A42896C66A001FBC30 /* LocationsVM.swift in Sources */,
				9F0246A22896C549001FBC30 /* LocationsView.swift in Sources */,
				9FC1A68D288972CC003CA582 /* API.swift in Sources */,
				9FB516B928AA7B7D00186E2F /* LottieView.swift in Sources */,
				9F82369028BFAF3600FBEF07 /* ResidentCircle.swift in Sources */,
				9F82369228BFAF8800FBEF07 /* LocationDetailView.swift in Sources */,
				9F0246A02896C3DF001FBC30 /* LocationModel.swift in Sources */,
				9FFBE7952885549C00BD19A9 /* HomeVM.swift in Sources */,
				9FA8A25628C09CF200E21B39 /* EpisodeModel.swift in Sources */,
			);
			runOnlyForDeploymentPostprocessing = 0;
		};
/* End PBXSourcesBuildPhase section */

/* Begin XCBuildConfiguration section */
		9FF313382873089C009BE8E9 /* Debug */ = {
			isa = XCBuildConfiguration;
			buildSettings = {
				ALWAYS_SEARCH_USER_PATHS = NO;
				CLANG_ANALYZER_NONNULL = YES;
				CLANG_ANALYZER_NUMBER_OBJECT_CONVERSION = YES_AGGRESSIVE;
				CLANG_CXX_LANGUAGE_STANDARD = "gnu++17";
				CLANG_ENABLE_MODULES = YES;
				CLANG_ENABLE_OBJC_ARC = YES;
				CLANG_ENABLE_OBJC_WEAK = YES;
				CLANG_WARN_BLOCK_CAPTURE_AUTORELEASING = YES;
				CLANG_WARN_BOOL_CONVERSION = YES;
				CLANG_WARN_COMMA = YES;
				CLANG_WARN_CONSTANT_CONVERSION = YES;
				CLANG_WARN_DEPRECATED_OBJC_IMPLEMENTATIONS = YES;
				CLANG_WARN_DIRECT_OBJC_ISA_USAGE = YES_ERROR;
				CLANG_WARN_DOCUMENTATION_COMMENTS = YES;
				CLANG_WARN_EMPTY_BODY = YES;
				CLANG_WARN_ENUM_CONVERSION = YES;
				CLANG_WARN_INFINITE_RECURSION = YES;
				CLANG_WARN_INT_CONVERSION = YES;
				CLANG_WARN_NON_LITERAL_NULL_CONVERSION = YES;
				CLANG_WARN_OBJC_IMPLICIT_RETAIN_SELF = YES;
				CLANG_WARN_OBJC_LITERAL_CONVERSION = YES;
				CLANG_WARN_OBJC_ROOT_CLASS = YES_ERROR;
				CLANG_WARN_QUOTED_INCLUDE_IN_FRAMEWORK_HEADER = YES;
				CLANG_WARN_RANGE_LOOP_ANALYSIS = YES;
				CLANG_WARN_STRICT_PROTOTYPES = YES;
				CLANG_WARN_SUSPICIOUS_MOVE = YES;
				CLANG_WARN_UNGUARDED_AVAILABILITY = YES_AGGRESSIVE;
				CLANG_WARN_UNREACHABLE_CODE = YES;
				CLANG_WARN__DUPLICATE_METHOD_MATCH = YES;
				COPY_PHASE_STRIP = NO;
				DEBUG_INFORMATION_FORMAT = dwarf;
				ENABLE_STRICT_OBJC_MSGSEND = YES;
				ENABLE_TESTABILITY = YES;
				GCC_C_LANGUAGE_STANDARD = gnu11;
				GCC_DYNAMIC_NO_PIC = NO;
				GCC_NO_COMMON_BLOCKS = YES;
				GCC_OPTIMIZATION_LEVEL = 0;
				GCC_PREPROCESSOR_DEFINITIONS = (
					"DEBUG=1",
					"$(inherited)",
				);
				GCC_WARN_64_TO_32_BIT_CONVERSION = YES;
				GCC_WARN_ABOUT_RETURN_TYPE = YES_ERROR;
				GCC_WARN_UNDECLARED_SELECTOR = YES;
				GCC_WARN_UNINITIALIZED_AUTOS = YES_AGGRESSIVE;
				GCC_WARN_UNUSED_FUNCTION = YES;
				GCC_WARN_UNUSED_VARIABLE = YES;
				IPHONEOS_DEPLOYMENT_TARGET = 15.4;
				MTL_ENABLE_DEBUG_INFO = INCLUDE_SOURCE;
				MTL_FAST_MATH = YES;
				ONLY_ACTIVE_ARCH = YES;
				SDKROOT = iphoneos;
				SWIFT_ACTIVE_COMPILATION_CONDITIONS = DEBUG;
				SWIFT_OPTIMIZATION_LEVEL = "-Onone";
			};
			name = Debug;
		};
		9FF313392873089C009BE8E9 /* Release */ = {
			isa = XCBuildConfiguration;
			buildSettings = {
				ALWAYS_SEARCH_USER_PATHS = NO;
				CLANG_ANALYZER_NONNULL = YES;
				CLANG_ANALYZER_NUMBER_OBJECT_CONVERSION = YES_AGGRESSIVE;
				CLANG_CXX_LANGUAGE_STANDARD = "gnu++17";
				CLANG_ENABLE_MODULES = YES;
				CLANG_ENABLE_OBJC_ARC = YES;
				CLANG_ENABLE_OBJC_WEAK = YES;
				CLANG_WARN_BLOCK_CAPTURE_AUTORELEASING = YES;
				CLANG_WARN_BOOL_CONVERSION = YES;
				CLANG_WARN_COMMA = YES;
				CLANG_WARN_CONSTANT_CONVERSION = YES;
				CLANG_WARN_DEPRECATED_OBJC_IMPLEMENTATIONS = YES;
				CLANG_WARN_DIRECT_OBJC_ISA_USAGE = YES_ERROR;
				CLANG_WARN_DOCUMENTATION_COMMENTS = YES;
				CLANG_WARN_EMPTY_BODY = YES;
				CLANG_WARN_ENUM_CONVERSION = YES;
				CLANG_WARN_INFINITE_RECURSION = YES;
				CLANG_WARN_INT_CONVERSION = YES;
				CLANG_WARN_NON_LITERAL_NULL_CONVERSION = YES;
				CLANG_WARN_OBJC_IMPLICIT_RETAIN_SELF = YES;
				CLANG_WARN_OBJC_LITERAL_CONVERSION = YES;
				CLANG_WARN_OBJC_ROOT_CLASS = YES_ERROR;
				CLANG_WARN_QUOTED_INCLUDE_IN_FRAMEWORK_HEADER = YES;
				CLANG_WARN_RANGE_LOOP_ANALYSIS = YES;
				CLANG_WARN_STRICT_PROTOTYPES = YES;
				CLANG_WARN_SUSPICIOUS_MOVE = YES;
				CLANG_WARN_UNGUARDED_AVAILABILITY = YES_AGGRESSIVE;
				CLANG_WARN_UNREACHABLE_CODE = YES;
				CLANG_WARN__DUPLICATE_METHOD_MATCH = YES;
				COPY_PHASE_STRIP = NO;
				DEBUG_INFORMATION_FORMAT = "dwarf-with-dsym";
				ENABLE_NS_ASSERTIONS = NO;
				ENABLE_STRICT_OBJC_MSGSEND = YES;
				GCC_C_LANGUAGE_STANDARD = gnu11;
				GCC_NO_COMMON_BLOCKS = YES;
				GCC_WARN_64_TO_32_BIT_CONVERSION = YES;
				GCC_WARN_ABOUT_RETURN_TYPE = YES_ERROR;
				GCC_WARN_UNDECLARED_SELECTOR = YES;
				GCC_WARN_UNINITIALIZED_AUTOS = YES_AGGRESSIVE;
				GCC_WARN_UNUSED_FUNCTION = YES;
				GCC_WARN_UNUSED_VARIABLE = YES;
				IPHONEOS_DEPLOYMENT_TARGET = 15.4;
				MTL_ENABLE_DEBUG_INFO = NO;
				MTL_FAST_MATH = YES;
				SDKROOT = iphoneos;
				SWIFT_COMPILATION_MODE = wholemodule;
				SWIFT_OPTIMIZATION_LEVEL = "-O";
				VALIDATE_PRODUCT = YES;
			};
			name = Release;
		};
		9FF3133B2873089C009BE8E9 /* Debug */ = {
			isa = XCBuildConfiguration;
			buildSettings = {
				ASSETCATALOG_COMPILER_APPICON_NAME = AppIcon;
				ASSETCATALOG_COMPILER_GLOBAL_ACCENT_COLOR_NAME = AccentColor;
				CODE_SIGN_STYLE = Automatic;
				CURRENT_PROJECT_VERSION = 1;
				DEAD_CODE_STRIPPING = NO;
				DEVELOPMENT_ASSET_PATHS = "\"rickandmorty/Preview Content\"";
				DEVELOPMENT_TEAM = 3486U5967B;
				ENABLE_PREVIEWS = YES;
				GENERATE_INFOPLIST_FILE = YES;
				INFOPLIST_KEY_UIApplicationSceneManifest_Generation = YES;
				INFOPLIST_KEY_UIApplicationSupportsIndirectInputEvents = YES;
				INFOPLIST_KEY_UILaunchScreen_Generation = YES;
				INFOPLIST_KEY_UISupportedInterfaceOrientations_iPad = "UIInterfaceOrientationPortrait UIInterfaceOrientationPortraitUpsideDown UIInterfaceOrientationLandscapeLeft UIInterfaceOrientationLandscapeRight";
				INFOPLIST_KEY_UISupportedInterfaceOrientations_iPhone = "UIInterfaceOrientationPortrait UIInterfaceOrientationLandscapeLeft UIInterfaceOrientationLandscapeRight";
				IPHONEOS_DEPLOYMENT_TARGET = 15.4;
				LD_RUNPATH_SEARCH_PATHS = (
					"$(inherited)",
					"@executable_path/Frameworks",
				);
				MARKETING_VERSION = 1.0;
				PRODUCT_BUNDLE_IDENTIFIER = com.cemozturk.rickandmorty;
				PRODUCT_NAME = "$(TARGET_NAME)";
				SWIFT_EMIT_LOC_STRINGS = YES;
				SWIFT_VERSION = 5.0;
				TARGETED_DEVICE_FAMILY = "1,2";
			};
			name = Debug;
		};
		9FF3133C2873089C009BE8E9 /* Release */ = {
			isa = XCBuildConfiguration;
			buildSettings = {
				ASSETCATALOG_COMPILER_APPICON_NAME = AppIcon;
				ASSETCATALOG_COMPILER_GLOBAL_ACCENT_COLOR_NAME = AccentColor;
				CODE_SIGN_STYLE = Automatic;
				CURRENT_PROJECT_VERSION = 1;
				DEAD_CODE_STRIPPING = NO;
				DEVELOPMENT_ASSET_PATHS = "\"rickandmorty/Preview Content\"";
				DEVELOPMENT_TEAM = 3486U5967B;
				ENABLE_PREVIEWS = YES;
				GENERATE_INFOPLIST_FILE = YES;
				INFOPLIST_KEY_UIApplicationSceneManifest_Generation = YES;
				INFOPLIST_KEY_UIApplicationSupportsIndirectInputEvents = YES;
				INFOPLIST_KEY_UILaunchScreen_Generation = YES;
				INFOPLIST_KEY_UISupportedInterfaceOrientations_iPad = "UIInterfaceOrientationPortrait UIInterfaceOrientationPortraitUpsideDown UIInterfaceOrientationLandscapeLeft UIInterfaceOrientationLandscapeRight";
				INFOPLIST_KEY_UISupportedInterfaceOrientations_iPhone = "UIInterfaceOrientationPortrait UIInterfaceOrientationLandscapeLeft UIInterfaceOrientationLandscapeRight";
				IPHONEOS_DEPLOYMENT_TARGET = 15.4;
				LD_RUNPATH_SEARCH_PATHS = (
					"$(inherited)",
					"@executable_path/Frameworks",
				);
				MARKETING_VERSION = 1.0;
				PRODUCT_BUNDLE_IDENTIFIER = com.cemozturk.rickandmorty;
				PRODUCT_NAME = "$(TARGET_NAME)";
				SWIFT_EMIT_LOC_STRINGS = YES;
				SWIFT_VERSION = 5.0;
				TARGETED_DEVICE_FAMILY = "1,2";
			};
			name = Release;
		};
/* End XCBuildConfiguration section */

/* Begin XCConfigurationList section */
		9FF313272873089B009BE8E9 /* Build configuration list for PBXProject "rickandmorty" */ = {
			isa = XCConfigurationList;
			buildConfigurations = (
				9FF313382873089C009BE8E9 /* Debug */,
				9FF313392873089C009BE8E9 /* Release */,
			);
			defaultConfigurationIsVisible = 0;
			defaultConfigurationName = Release;
		};
		9FF3133A2873089C009BE8E9 /* Build configuration list for PBXNativeTarget "rickandmorty" */ = {
			isa = XCConfigurationList;
			buildConfigurations = (
				9FF3133B2873089C009BE8E9 /* Debug */,
				9FF3133C2873089C009BE8E9 /* Release */,
			);
			defaultConfigurationIsVisible = 0;
			defaultConfigurationName = Release;
		};
/* End XCConfigurationList section */

/* Begin XCRemoteSwiftPackageReference section */
		9FB6211428A688D1003E2137 /* XCRemoteSwiftPackageReference "lottie-ios" */ = {
			isa = XCRemoteSwiftPackageReference;
			repositoryURL = "https://github.com/airbnb/lottie-ios";
			requirement = {
				kind = upToNextMajorVersion;
				minimumVersion = 3.0.0;
			};
		};
		9FC1A67A2889700C003CA582 /* XCRemoteSwiftPackageReference "apollo-ios" */ = {
			isa = XCRemoteSwiftPackageReference;
			repositoryURL = "https://github.com/apollographql/apollo-ios";
			requirement = {
				branch = main;
				kind = branch;
			};
		};
/* End XCRemoteSwiftPackageReference section */

/* Begin XCSwiftPackageProductDependency section */
		9FB6211528A688D2003E2137 /* Lottie */ = {
			isa = XCSwiftPackageProductDependency;
			package = 9FB6211428A688D1003E2137 /* XCRemoteSwiftPackageReference "lottie-ios" */;
			productName = Lottie;
		};
		9FC1A67B2889700C003CA582 /* Apollo */ = {
			isa = XCSwiftPackageProductDependency;
			package = 9FC1A67A2889700C003CA582 /* XCRemoteSwiftPackageReference "apollo-ios" */;
			productName = Apollo;
		};
		9FC1A67D2889700C003CA582 /* ApolloAPI */ = {
			isa = XCSwiftPackageProductDependency;
			package = 9FC1A67A2889700C003CA582 /* XCRemoteSwiftPackageReference "apollo-ios" */;
			productName = ApolloAPI;
		};
		9FC1A67F2889700C003CA582 /* ApolloCodegenLib */ = {
			isa = XCSwiftPackageProductDependency;
			package = 9FC1A67A2889700C003CA582 /* XCRemoteSwiftPackageReference "apollo-ios" */;
			productName = ApolloCodegenLib;
		};
		9FC1A6812889700C003CA582 /* ApolloSQLite */ = {
			isa = XCSwiftPackageProductDependency;
			package = 9FC1A67A2889700C003CA582 /* XCRemoteSwiftPackageReference "apollo-ios" */;
			productName = ApolloSQLite;
		};
		9FC1A6832889700C003CA582 /* ApolloUtils */ = {
			isa = XCSwiftPackageProductDependency;
			package = 9FC1A67A2889700C003CA582 /* XCRemoteSwiftPackageReference "apollo-ios" */;
			productName = ApolloUtils;
		};
		9FC1A6852889700C003CA582 /* ApolloWebSocket */ = {
			isa = XCSwiftPackageProductDependency;
			package = 9FC1A67A2889700C003CA582 /* XCRemoteSwiftPackageReference "apollo-ios" */;
			productName = ApolloWebSocket;
		};
/* End XCSwiftPackageProductDependency section */
	};
	rootObject = 9FF313242873089B009BE8E9 /* Project object */;
}
